# This file is autogenerated, do not edit; changes may be undone by the next 'dep ensure'.


[[projects]]
  name = "github.com/astaxie/beego"
  packages = [".","config","context","context/param","grace","logs","plugins/cors","session","toolbox","utils"]
  revision = "cab8458c1c4a5a3b4bf5192922be620e6dede15b"
  version = "v1.8.3"

[[projects]]
  branch = "master"
  name = "github.com/bwmarrin/snowflake"
  packages = ["."]
  revision = "1c0147d077f16f1abd13b630743b41484616ab9a"

[[projects]]
  name = "github.com/cihub/seelog"
  packages = ["."]
  revision = "d2c6e5aa9fbfdd1c624e140287063c7730654115"
  version = "v2.6"

[[projects]]
  name = "github.com/dgrijalva/jwt-go"
  packages = ["."]
  revision = "d2709f9f1f31ebcda9651b03077758c1f3a0018c"
  version = "v3.0.0"

[[projects]]
  name = "github.com/go-sql-driver/mysql"
  packages = ["."]
  revision = "a0583e0143b1624142adab07e0e97fe106d99561"
  version = "v1.3"

[[projects]]
  branch = "master"
  name = "github.com/go-xorm/builder"
  packages = ["."]
  revision = "c8871c857d2555fbfbd8524f895be5386d3d8836"

[[projects]]
  name = "github.com/go-xorm/core"
  packages = ["."]
  revision = "5bf745d7d163f4380e6c2bba8c4afa60534dd087"
  version = "v0.5.6"

[[projects]]
  name = "github.com/go-xorm/xorm"
  packages = ["."]
  revision = "3c8314e91603f0bfa6a228c1a0fea8a9e298f6d9"
  version = "v0.6.2"

[[projects]]
  branch = "go1.6"
  name = "github.com/gopherjs/gopherjs"
  packages = ["js"]
  revision = "3c96d3c4de89bbf0f914c24a738d0f721107db1d"

[[projects]]
  branch = "master"
  name = "github.com/jdongdong/go-lib"
  packages = ["base","slog","tool"]
  revision = "482ba2f5bab08be9ce193bc4811bd60b73411f00"

[[projects]]
  name = "github.com/jtolds/gls"
  packages = ["."]
  revision = "77f18212c9c7edc9bd6a33d383a7b545ce62f064"
  version = "v4.2.1"

[[projects]]
  branch = "master"
  name = "github.com/pquerna/ffjson"
  packages = ["ffjson","fflib/v1","fflib/v1/internal"]
  revision = "e17ae1e9b229dae956972fddd3479917136b749e"

[[projects]]
  name = "github.com/smartystreets/assertions"
  packages = [".","internal/go-render/render","internal/oglematchers"]
  revision = "e9a2f6771d97c709b2f7609fdf89ebde8b64c926"
  version = "1.6.0"

[[projects]]
  name = "github.com/smartystreets/goconvey"
  packages = ["convey","convey/gotest","convey/reporting"]
  revision = "f0226799c31d935e9afa8fdbec852e45034dd5af"
  version = "1.6.1"

[solve-meta]
  analyzer-name = "dep"
  analyzer-version = 1
  inputs-digest = "68bfd433aa8fe4dfc9dce23535af0cca83b395b6b1f28e8398aa2b358dd6cae9"
  solver-name = "gps-cdcl"
  solver-version = 1
